
Microsoft Visual Studio Solution File, Format Version 12.00
# Visual Studio Version 17
VisualStudioVersion = 17.1.32407.343
MinimumVisualStudioVersion = 10.0.40219.1
Project("{FAE04EC0-301F-11D3-BF4B-00C04F79EFBC}") = "Chatbot", "Chatbot\Chatbot.csproj", "{7B6769BB-309D-42A1-93D9-46E36652FB8C}"
EndProject
Global
	GlobalSection(SolutionConfigurationPlatforms) = preSolution
		Debug|Any CPU = Debug|Any CPU
		Release|Any CPU = Release|Any CPU
	EndGlobalSection
	GlobalSection(ProjectConfigurationPlatforms) = postSolution
		{7B6769BB-309D-42A1-93D9-46E36652FB8C}.Debug|Any CPU.ActiveCfg = Debug|Any CPU
		{7B6769BB-309D-42A1-93D9-46E36652FB8C}.Debug|Any CPU.Build.0 = Debug|Any CPU
		{7B6769BB-309D-42A1-93D9-46E36652FB8C}.Release|Any CPU.ActiveCfg = Release|Any CPU
		{7B6769BB-309D-42A1-93D9-46E36652FB8C}.Release|Any CPU.Build.0 = Release|Any CPU
	EndGlobalSection
	GlobalSection(SolutionProperties) = preSolution
		HideSolutionNode = FALSE
	EndGlobalSection
	GlobalSection(ExtensibilityGlobals) = postSolution
		SolutionGuid = {58926874-306F-481A-8357-B69A7D6874CC}
	EndGlobalSection
EndGlobal
